
Microsoft Visual Studio Solution File, Format Version 12.00
# Visual Studio Version 16
VisualStudioVersion = 16.0.31205.134
MinimumVisualStudioVersion = 10.0.40219.1
Project("{FAE04EC0-301F-11D3-BF4B-00C04F79EFBC}") = "project-task-manager", "project-task-manager\project-task-manager.csproj", "{C32A6462-532E-49BF-BED6-46A9BF85EAE4}"
EndProject
Global
	GlobalSection(SolutionConfigurationPlatforms) = preSolution
		Debug|Any CPU = Debug|Any CPU
		Release|Any CPU = Release|Any CPU
	EndGlobalSection
	GlobalSection(ProjectConfigurationPlatforms) = postSolution
		{C32A6462-532E-49BF-BED6-46A9BF85EAE4}.Debug|Any CPU.ActiveCfg = Debug|Any CPU
		{C32A6462-532E-49BF-BED6-46A9BF85EAE4}.Debug|Any CPU.Build.0 = Debug|Any CPU
		{C32A6462-532E-49BF-BED6-46A9BF85EAE4}.Release|Any CPU.ActiveCfg = Release|Any CPU
		{C32A6462-532E-49BF-BED6-46A9BF85EAE4}.Release|Any CPU.Build.0 = Release|Any CPU
	EndGlobalSection
	GlobalSection(SolutionProperties) = preSolution
		HideSolutionNode = FALSE
	EndGlobalSection
	GlobalSection(ExtensibilityGlobals) = postSolution
		SolutionGuid = {D329DC36-9F7A-41CB-A6FA-9F0AF5883D3C}
	EndGlobalSection
EndGlobal
